
Microsoft Visual Studio Solution File, Format Version 12.00
# Visual Studio Version 16
VisualStudioVersion = 16.0.29613.14
MinimumVisualStudioVersion = 10.0.40219.1
Project("{2150E333-8FDC-42A3-9474-1A3956D46DE8}") = "4. Foundation", "4. Foundation", "{35C08B18-8B64-46CA-8A4C-46EF0218D24F}"
EndProject
Project("{9A19103F-16F7-4668-BE54-9A1E7A4F7556}") = "BookReadingEvent.Core", "Foundation\BookReadingEvent.Core\BookReadingEvent.Core.csproj", "{A18DFD06-6226-4499-816A-0DF9AA9E9109}"
EndProject
Project("{9A19103F-16F7-4668-BE54-9A1E7A4F7556}") = "BookReadingEvent.Core.AppServices", "Foundation\BookReadingEvent.Core.AppServices\BookReadingEvent.Core.AppServices.csproj", "{7D6E2F57-61C2-467F-90C1-5C2ED6F4993C}"
	ProjectSection(ProjectDependencies) = postProject
		{A18DFD06-6226-4499-816A-0DF9AA9E9109} = {A18DFD06-6226-4499-816A-0DF9AA9E9109}
		{09CC29DD-5A87-42E7-98B3-7CC64CAFDB45} = {09CC29DD-5A87-42E7-98B3-7CC64CAFDB45}
	EndProjectSection
EndProject
Project("{9A19103F-16F7-4668-BE54-9A1E7A4F7556}") = "BookReadingEvent.Core.Data", "Foundation\BookReadingEvent.Core.Data\BookReadingEvent.Core.Data.csproj", "{09CC29DD-5A87-42E7-98B3-7CC64CAFDB45}"
	ProjectSection(ProjectDependencies) = postProject
		{A18DFD06-6226-4499-816A-0DF9AA9E9109} = {A18DFD06-6226-4499-816A-0DF9AA9E9109}
		{243D779C-4126-444D-801B-8B8FD337725E} = {243D779C-4126-444D-801B-8B8FD337725E}
	EndProjectSection
EndProject
Project("{9A19103F-16F7-4668-BE54-9A1E7A4F7556}") = "BookReadingEvent.Core.Domain", "Foundation\BookReadingEvent.Core.Domain\BookReadingEvent.Core.Domain.csproj", "{243D779C-4126-444D-801B-8B8FD337725E}"
EndProject
Project("{9A19103F-16F7-4668-BE54-9A1E7A4F7556}") = "BookReadingEvent.Core.WebMVC", "Foundation\BookReadingEvent.Core.WebMVC\BookReadingEvent.Core.WebMVC.csproj", "{1D60333B-A048-44FF-A0C0-702B65D9E86E}"
EndProject
Project("{2150E333-8FDC-42A3-9474-1A3956D46DE8}") = "3. Business", "3. Business", "{3832AEC4-C870-4818-926F-D5519DBD601E}"
EndProject
Project("{2150E333-8FDC-42A3-9474-1A3956D46DE8}") = "2. Service", "2. Service", "{F9D8121F-5DD7-4EDB-A286-DE3E42DA6AE4}"
EndProject
Project("{2150E333-8FDC-42A3-9474-1A3956D46DE8}") = "1. Web", "1. Web", "{2675BAAE-4BF3-4A57-B32D-A0019FE093EB}"
EndProject
Project("{9A19103F-16F7-4668-BE54-9A1E7A4F7556}") = "BookReadingEvent.Web", "Web\BookReadingEvent.Web\BookReadingEvent.Web.csproj", "{FD83787D-7DC1-4A4A-AFB8-85D4FF6AEA5D}"
	ProjectSection(ProjectDependencies) = postProject
		{9E70AE21-C866-462E-AC85-18C7C3CEAA1C} = {9E70AE21-C866-462E-AC85-18C7C3CEAA1C}
		{C2A9322E-4E15-4BEE-B237-25401F8AD5A9} = {C2A9322E-4E15-4BEE-B237-25401F8AD5A9}
		{243D779C-4126-444D-801B-8B8FD337725E} = {243D779C-4126-444D-801B-8B8FD337725E}
		{09CC29DD-5A87-42E7-98B3-7CC64CAFDB45} = {09CC29DD-5A87-42E7-98B3-7CC64CAFDB45}
	EndProjectSection
EndProject
Project("{2150E333-8FDC-42A3-9474-1A3956D46DE8}") = "3.1 ProductDomain", "3.1 ProductDomain", "{283EE68E-1E87-4A89-AFBA-5CB7901BAFAF}"
EndProject
Project("{9A19103F-16F7-4668-BE54-9A1E7A4F7556}") = "BookReadingEvent.ProductDomain", "Business\ProductDomain\BookReadingEvent.ProductDomain\BookReadingEvent.ProductDomain.csproj", "{9E70AE21-C866-462E-AC85-18C7C3CEAA1C}"
	ProjectSection(ProjectDependencies) = postProject
		{A18DFD06-6226-4499-816A-0DF9AA9E9109} = {A18DFD06-6226-4499-816A-0DF9AA9E9109}
		{C2A9322E-4E15-4BEE-B237-25401F8AD5A9} = {C2A9322E-4E15-4BEE-B237-25401F8AD5A9}
		{7D6E2F57-61C2-467F-90C1-5C2ED6F4993C} = {7D6E2F57-61C2-467F-90C1-5C2ED6F4993C}
		{243D779C-4126-444D-801B-8B8FD337725E} = {243D779C-4126-444D-801B-8B8FD337725E}
		{09CC29DD-5A87-42E7-98B3-7CC64CAFDB45} = {09CC29DD-5A87-42E7-98B3-7CC64CAFDB45}
	EndProjectSection
EndProject
Project("{2150E333-8FDC-42A3-9474-1A3956D46DE8}") = "5. PlugIn", "5. PlugIn", "{8033DF6A-6F1F-4C34-83A8-9DB109CBD3CD}"
	ProjectSection(SolutionItems) = preProject
		Business\ProductDomain\BookReadingEvent.ProductDomain\AppServices\IUserLoginService.cs = Business\ProductDomain\BookReadingEvent.ProductDomain\AppServices\IUserLoginService.cs
	EndProjectSection
EndProject
Project("{9A19103F-16F7-4668-BE54-9A1E7A4F7556}") = "BookReadingEvent.Loggig.NLog", "PlugIn\BookReadingEvent.Loggig.NLog\BookReadingEvent.Loggig.NLog.csproj", "{C2A9322E-4E15-4BEE-B237-25401F8AD5A9}"
	ProjectSection(ProjectDependencies) = postProject
		{A18DFD06-6226-4499-816A-0DF9AA9E9109} = {A18DFD06-6226-4499-816A-0DF9AA9E9109}
	EndProjectSection
EndProject
Global
	GlobalSection(SolutionConfigurationPlatforms) = preSolution
		Debug|Any CPU = Debug|Any CPU
		Release|Any CPU = Release|Any CPU
	EndGlobalSection
	GlobalSection(ProjectConfigurationPlatforms) = postSolution
		{A18DFD06-6226-4499-816A-0DF9AA9E9109}.Debug|Any CPU.ActiveCfg = Debug|Any CPU
		{A18DFD06-6226-4499-816A-0DF9AA9E9109}.Debug|Any CPU.Build.0 = Debug|Any CPU
		{A18DFD06-6226-4499-816A-0DF9AA9E9109}.Release|Any CPU.ActiveCfg = Release|Any CPU
		{A18DFD06-6226-4499-816A-0DF9AA9E9109}.Release|Any CPU.Build.0 = Release|Any CPU
		{7D6E2F57-61C2-467F-90C1-5C2ED6F4993C}.Debug|Any CPU.ActiveCfg = Debug|Any CPU
		{7D6E2F57-61C2-467F-90C1-5C2ED6F4993C}.Debug|Any CPU.Build.0 = Debug|Any CPU
		{7D6E2F57-61C2-467F-90C1-5C2ED6F4993C}.Release|Any CPU.ActiveCfg = Release|Any CPU
		{7D6E2F57-61C2-467F-90C1-5C2ED6F4993C}.Release|Any CPU.Build.0 = Release|Any CPU
		{09CC29DD-5A87-42E7-98B3-7CC64CAFDB45}.Debug|Any CPU.ActiveCfg = Debug|Any CPU
		{09CC29DD-5A87-42E7-98B3-7CC64CAFDB45}.Debug|Any CPU.Build.0 = Debug|Any CPU
		{09CC29DD-5A87-42E7-98B3-7CC64CAFDB45}.Release|Any CPU.ActiveCfg = Release|Any CPU
		{09CC29DD-5A87-42E7-98B3-7CC64CAFDB45}.Release|Any CPU.Build.0 = Release|Any CPU
		{243D779C-4126-444D-801B-8B8FD337725E}.Debug|Any CPU.ActiveCfg = Debug|Any CPU
		{243D779C-4126-444D-801B-8B8FD337725E}.Debug|Any CPU.Build.0 = Debug|Any CPU
		{243D779C-4126-444D-801B-8B8FD337725E}.Release|Any CPU.ActiveCfg = Release|Any CPU
		{243D779C-4126-444D-801B-8B8FD337725E}.Release|Any CPU.Build.0 = Release|Any CPU
		{1D60333B-A048-44FF-A0C0-702B65D9E86E}.Debug|Any CPU.ActiveCfg = Debug|Any CPU
		{1D60333B-A048-44FF-A0C0-702B65D9E86E}.Debug|Any CPU.Build.0 = Debug|Any CPU
		{1D60333B-A048-44FF-A0C0-702B65D9E86E}.Release|Any CPU.ActiveCfg = Release|Any CPU
		{1D60333B-A048-44FF-A0C0-702B65D9E86E}.Release|Any CPU.Build.0 = Release|Any CPU
		{FD83787D-7DC1-4A4A-AFB8-85D4FF6AEA5D}.Debug|Any CPU.ActiveCfg = Debug|Any CPU
		{FD83787D-7DC1-4A4A-AFB8-85D4FF6AEA5D}.Debug|Any CPU.Build.0 = Debug|Any CPU
		{FD83787D-7DC1-4A4A-AFB8-85D4FF6AEA5D}.Release|Any CPU.ActiveCfg = Release|Any CPU
		{FD83787D-7DC1-4A4A-AFB8-85D4FF6AEA5D}.Release|Any CPU.Build.0 = Release|Any CPU
		{9E70AE21-C866-462E-AC85-18C7C3CEAA1C}.Debug|Any CPU.ActiveCfg = Debug|Any CPU
		{9E70AE21-C866-462E-AC85-18C7C3CEAA1C}.Debug|Any CPU.Build.0 = Debug|Any CPU
		{9E70AE21-C866-462E-AC85-18C7C3CEAA1C}.Release|Any CPU.ActiveCfg = Release|Any CPU
		{9E70AE21-C866-462E-AC85-18C7C3CEAA1C}.Release|Any CPU.Build.0 = Release|Any CPU
		{C2A9322E-4E15-4BEE-B237-25401F8AD5A9}.Debug|Any CPU.ActiveCfg = Debug|Any CPU
		{C2A9322E-4E15-4BEE-B237-25401F8AD5A9}.Debug|Any CPU.Build.0 = Debug|Any CPU
		{C2A9322E-4E15-4BEE-B237-25401F8AD5A9}.Release|Any CPU.ActiveCfg = Release|Any CPU
		{C2A9322E-4E15-4BEE-B237-25401F8AD5A9}.Release|Any CPU.Build.0 = Release|Any CPU
	EndGlobalSection
	GlobalSection(SolutionProperties) = preSolution
		HideSolutionNode = FALSE
	EndGlobalSection
	GlobalSection(NestedProjects) = preSolution
		{A18DFD06-6226-4499-816A-0DF9AA9E9109} = {35C08B18-8B64-46CA-8A4C-46EF0218D24F}
		{7D6E2F57-61C2-467F-90C1-5C2ED6F4993C} = {35C08B18-8B64-46CA-8A4C-46EF0218D24F}
		{09CC29DD-5A87-42E7-98B3-7CC64CAFDB45} = {35C08B18-8B64-46CA-8A4C-46EF0218D24F}
		{243D779C-4126-444D-801B-8B8FD337725E} = {35C08B18-8B64-46CA-8A4C-46EF0218D24F}
		{1D60333B-A048-44FF-A0C0-702B65D9E86E} = {35C08B18-8B64-46CA-8A4C-46EF0218D24F}
		{FD83787D-7DC1-4A4A-AFB8-85D4FF6AEA5D} = {2675BAAE-4BF3-4A57-B32D-A0019FE093EB}
		{283EE68E-1E87-4A89-AFBA-5CB7901BAFAF} = {3832AEC4-C870-4818-926F-D5519DBD601E}
		{9E70AE21-C866-462E-AC85-18C7C3CEAA1C} = {283EE68E-1E87-4A89-AFBA-5CB7901BAFAF}
		{C2A9322E-4E15-4BEE-B237-25401F8AD5A9} = {8033DF6A-6F1F-4C34-83A8-9DB109CBD3CD}
	EndGlobalSection
	GlobalSection(ExtensibilityGlobals) = postSolution
		SolutionGuid = {623EB316-DD75-4F24-BE1F-7B9C303071FB}
	EndGlobalSection
EndGlobal
